{
  "name": "mrchai-dispatch",
  "version": "1.0.0",
  "lockfileVersion": 3,
  "requires": true,
  "packages": {
    "": {
      "name": "mrchai-dispatch",
      "version": "1.0.0",
      "dependencies": {
        "libphonenumber-js": "^1.11.0"
      }
    },
    "node_modules/libphonenumber-js": {
      "version": "1.12.36",
      "resolved": "https://registry.npmjs.org/libphonenumber-js/-/libphonenumber-js-1.12.36.tgz",
      "integrity": "sha512-woWhKMAVx1fzzUnMCyOzglgSgf6/AFHLASdOBcchYCyvWSGWt12imw3iu2hdI5d4dGZRsNWAmWiz37sDKUPaRQ==",
      "license": "MIT"
    }
  }
}
